{
  "yurtJupyterRev": "c30f1073c244aab166c67dc3b9b1ff1048def0d4",
  "payloadTreeSha256": "af6535d9560a7fcfca3d05209104bc999c12664d45b818d96706ddcbd46ffab1",
  "packages": [
    {"name":"appnope","version":"0.1.4"},
    {"name":"asttokens","version":"3.0.1"},
    {"name":"comm","version":"0.2.3"},
    {"name":"debugpy","version":"1.8.20"},
    {"name":"decorator","version":"5.3.1"},
    {"name":"executing","version":"2.2.1"},
    {"name":"ipykernel","version":"7.2.0"},
    {"name":"ipython","version":"9.13.0"},
    {"name":"ipython_pygments_lexers","version":"1.1.1"},
    {"name":"jedi","version":"0.20.0"},
    {"name":"jupyter_client","version":"8.8.0"},
    {"name":"jupyter_core","version":"5.9.1"},
    {"name":"matplotlib-inline","version":"0.2.2"},
    {"name":"nest_asyncio","version":"1.6.0"},
    {"name":"packaging","version":"26.2"},
    {"name":"parso","version":"0.8.7"},
    {"name":"pexpect","version":"4.9.0"},
    {"name":"pip","version":"26.1"},
    {"name":"platformdirs","version":"4.9.6"},
    {"name":"prompt_toolkit","version":"3.0.52"},
    {"name":"ptyprocess","version":"0.7.0"},
    {"name":"pure_eval","version":"0.2.3"},
    {"name":"Pygments","version":"2.20.0"},
    {"name":"python-dateutil","version":"2.9.0.post0"},
    {"name":"six","version":"1.17.0"},
    {"name":"stack_data","version":"0.6.3"},
    {"name":"tornado","version":"6.5.5"},
    {"name":"traitlets","version":"5.15.0"},
    {"name":"wcwidth","version":"0.7.0"}
  ]
}
