{
  "yurtJupyterRev": "c30f1073c244aab166c67dc3b9b1ff1048def0d4",
  "payloadTreeSha256": "1ccadfb96f9b2e40aa3c67c65fff7d8322ad84beba994cd0bb10cbf8bac6b8ba",
  "packages": [
    {"name":"appnope","version":"0.1.4","sha256":"68096b772ce154557270f16d42d6030ed0003d19de67ea8ea867152921589a78"},
    {"name":"asttokens","version":"3.0.1","sha256":"8db9fda9d93b0ef3b9e1d3d9d069ad57a76ae84d089a1e159430b1053db41130"},
    {"name":"comm","version":"0.2.3","sha256":"cfc26b493a5bb4f9f84d7e18868e20891cc1f037c705788a16acf33f19f29d00"},
    {"name":"debugpy","version":"1.8.20","sha256":"f5ad975f1175a6aa69676c70a5eb7f35a976073f77563e43d2e0f58627af08bb"},
    {"name":"decorator","version":"5.3.1","sha256":"2990c562729fe45fd7ba67dcc3b667f873809b14721cb423e9edee9e4ab1bcab"},
    {"name":"executing","version":"2.2.1","sha256":"e6d581d80af92937c53fc3d4cee13538630afa538ed8de4e24e2d07ad8316c68"},
    {"name":"ipykernel","version":"7.2.0","sha256":"416254bda692f2d21039c993ab186c2b148cb63eb6476e9aa51aa53f729d8bdb"},
    {"name":"ipython","version":"9.13.0","sha256":"f025c166435d399372ff93e1316d67a192ab05326f7bd0eb5f15257e4dc93d65"},
    {"name":"ipython_pygments_lexers","version":"1.1.1","sha256":"088a5c52bcf41bc33088bd34371853f8055b3ca3d731cb6e7c6d87fd13246f93"},
    {"name":"jedi","version":"0.20.0","sha256":"6a156733c9b49d6edc1436d2bba2b8b8de5f169d2ccaa7b1a0a7935de53cebc5"},
    {"name":"jupyter_client","version":"8.8.0","sha256":"af71ddff14780d5c845a10546c6bc88752d7b52adb710baa8298e0dfbd0ae57e"},
    {"name":"jupyter_core","version":"5.9.1","sha256":"19fe4e6fdda4e6dbcfff49a9ee1a0427fed0f5b7a84212302e14e8d1930d3ea2"},
    {"name":"matplotlib-inline","version":"0.2.2","sha256":"bcf29dd80079fe1442fda31834015955aa65733d42a9b740d3aa8fb744aa465d"},
    {"name":"nest_asyncio","version":"1.6.0","sha256":"6ca617f7a06065c5acd8280784e5ce120b1c58a7465a7bade1402cd798075f3a"},
    {"name":"packaging","version":"26.2","sha256":"816f572ce0b1e491514da1962651194c1ed17d47d0c481503a6bdac9e717aef6"},
    {"name":"parso","version":"0.8.7","sha256":"9d38e7f64d8f0ad8b7d23c60a8adb71b31ee96057d7d48f473266a9d1dec8cdb"},
    {"name":"pexpect","version":"4.9.0","sha256":"279f1c1aec791e655e7cfcd1ffdddc4cacf907005ac886c47f112803e3c0d96a"},
    {"name":"pip","version":"26.1","sha256":"8b32f5b774115717bc4a36cffac1c525551f794d24622303f04b99521214c648"},
    {"name":"platformdirs","version":"4.9.6","sha256":"ab4e680970cc458b991be852c59f9177fb6918b939f9ad267e848fc4a966522c"},
    {"name":"prompt_toolkit","version":"3.0.52","sha256":"bfc0a657d79479647690501f7e93ea39e1ea8e01ad1123509538551cd54a46d3"},
    {"name":"ptyprocess","version":"0.7.0","sha256":"5ff305b9c66d63462c11a8d24d4d9c748de780a24204f056a9823c7259d41cd5"},
    {"name":"pure_eval","version":"0.2.3","sha256":"9676f21a659fe360a961a91f327643c088a34f80c7254455c734dcec78f4f785"},
    {"name":"Pygments","version":"2.20.0","sha256":"2f09ef4791c1e156b736cc3f68aac38e2cfcc72e00c355ccaf5372f9f13f3205"},
    {"name":"python-dateutil","version":"2.9.0.post0","sha256":"90ed1436ce4e9bfc49ec8b7370e9197f7ac14046a7d1ae8e4696f93f9481cdcb"},
    {"name":"six","version":"1.17.0","sha256":"250eee3d391c8eede3bea0af4a5fc0b17a15f9a577da4820c68a71043289b82e"},
    {"name":"stack_data","version":"0.6.3","sha256":"5aa89b95f39913bcd683e3486cbc80d0e36a628e35f14687614e7ca6a8b31346"},
    {"name":"tornado","version":"6.5.5","sha256":"6adf87d642401dbeb1004e0b1d042165f4a7c2c464c2be4ded9d321f5ea75d7c"},
    {"name":"traitlets","version":"5.15.0","sha256":"af1962966186a3749151576b5a8f27e81b04daa02d2552140e0e1cfb7c14b40b"},
    {"name":"wcwidth","version":"0.7.0","sha256":"e20e9e2938874a73296a14f44815e16ff97986109c40d08712246d8a95e41e01"}
  ]
}
