{
  "yurtJupyterRev": "c30f1073c244aab166c67dc3b9b1ff1048def0d4",
  "payloadTreeSha256": "af6535d9560a7fcfca3d05209104bc999c12664d45b818d96706ddcbd46ffab1",
  "packages": [
    {"name":"appnope","version":"0.1.4","sha256":"b9800485c964df12e617e03481a7f36dd27ef889a5ce775e4a92f1c0b2c56be4"},
    {"name":"asttokens","version":"3.0.1","sha256":"248e9f94e343a956658351405c10d9ed5a7c2e993b9e49845b95982ea01bf890"},
    {"name":"comm","version":"0.2.3","sha256":"15c1a5a712a233f11fa17e13787118206e187361b1ec10d8d2434671bc555cc6"},
    {"name":"debugpy","version":"1.8.20","sha256":"a87899561ab86d455536eec1a8357ef26fe8516f3fe967040a89bdfb91952ac6"},
    {"name":"decorator","version":"5.3.1","sha256":"fc866dce23e765c0cd8f0e228ff508c873955b0a3747ad6e61d2ca58be8fe4a2"},
    {"name":"executing","version":"2.2.1","sha256":"c8f40756ee933ff7141f426d536ee3eda4a9d2cc4b0bd378c6cdcbf80581ac60"},
    {"name":"ipykernel","version":"7.2.0","sha256":"fd67c889e1b219a82069b3b3b848c7289a53bad359ee1de5015c40af5eb70b12"},
    {"name":"ipython","version":"9.13.0","sha256":"81b9ebd4597b4ec2c41ea1185d23a4e7ada0cc6bbc77ba54f01f37d2bad253af"},
    {"name":"ipython_pygments_lexers","version":"1.1.1","sha256":"f9d0ae080278283bfb8407b2ea4f455455db1842ccc7184a95f900fc90f24f10"},
    {"name":"jedi","version":"0.20.0","sha256":"0a4ea7ef7b8a51bc4b927771ceb3796bad18a0bc5402b2481cddbfdf4356633b"},
    {"name":"jupyter_client","version":"8.8.0","sha256":"a82e5bd1d17ecaa5eafe045f4f13243795048d3ced05320a5ded1b4150c02373"},
    {"name":"jupyter_core","version":"5.9.1","sha256":"327accb3a292b5fff227606123334ed2d62ad8e931c40205921ccc0472909562"},
    {"name":"matplotlib-inline","version":"0.2.2","sha256":"13e68ab03be8b476f46f8904180e6c5bf6c6974d96a1689aa6b970aaf8f39a84"},
    {"name":"nest_asyncio","version":"1.6.0","sha256":"cbf0b6132a41738f2adb8b27ca747669b0c2cd874f27d3e1fddc3481b0ff86c8"},
    {"name":"packaging","version":"26.2","sha256":"b3ffaf6eaee67bde92ea46790674a54e64f796861e6cf9812dbba80c90748dd1"},
    {"name":"parso","version":"0.8.7","sha256":"15165f04c5f0f3f08c0bd5d8c4a3904ee54e8098a259144431b04b067bb82f27"},
    {"name":"pexpect","version":"4.9.0","sha256":"f9b87e188143eff5abf2a27a9a29b044660c46ae7dbbd681b79de325a4e68752"},
    {"name":"pip","version":"26.1","sha256":"54cdfdd747d17bc9a3f680527e7005994b2939444606cef1618f92372c994d59"},
    {"name":"platformdirs","version":"4.9.6","sha256":"238ca101b5838e0ca7d9bd7b3bc4f1dc3d7f131046e8cd6d2c11748f76dc0640"},
    {"name":"prompt_toolkit","version":"3.0.52","sha256":"1d7394da116a0b89fa4310969a3b2fbceefda8e534b0ba998cbad34c9d7c46cc"},
    {"name":"ptyprocess","version":"0.7.0","sha256":"0e1a07cc10776610f358f04e02fa2ae4ae83263cb037e66def6def24c3e1114f"},
    {"name":"pure_eval","version":"0.2.3","sha256":"bb507c6fa740ae461add258a9f349448025596f3ad1f861fca1439128ffa52aa"},
    {"name":"Pygments","version":"2.20.0","sha256":"9055ccdc427f127d38b57562412fdc13b271cccdd3b1b56ecdbd0888d67dc6d4"},
    {"name":"python-dateutil","version":"2.9.0.post0","sha256":"cba88a820fe65cb9ec4bc7b794b6525914412c51c5c0a90db9b33c58acd124ba"},
    {"name":"six","version":"1.17.0","sha256":"014c98bf8e391e3890763e236e8b51ba0f72aac5475f8898c464cbf846207ac5"},
    {"name":"stack_data","version":"0.6.3","sha256":"b394ca8cbe819a3e4dc6ec88d38bccba6b9bbc53c2f3e3c97ed9478d5b681641"},
    {"name":"tornado","version":"6.5.5","sha256":"63cc696328459e771b9a3581441ebed99d0f74e0e802b87028de65331e3b7163"},
    {"name":"traitlets","version":"5.15.0","sha256":"608a14b00b84ddbb414295db530d2eacaaf9680d53e6f5072ea0f9afeffff1bc"},
    {"name":"wcwidth","version":"0.7.0","sha256":"ea7594887778e125839d0b84143357547eaf008bdb80a3d25f08d943aaea26d6"}
  ]
}
